
Microsoft Visual Studio Solution File, Format Version 12.00
# Visual Studio Version 17
VisualStudioVersion = 17.8.34408.163
MinimumVisualStudioVersion = 10.0.40219.1
Project("{FAE04EC0-301F-11D3-BF4B-00C04F79EFBC}") = "StudentNetCoreWebAPI", "StudentNetCoreWebAPI\StudentNetCoreWebAPI.csproj", "{6734C3EF-FF51-4A20-974C-DEF01A27B92C}"
EndProject
Global
	GlobalSection(SolutionConfigurationPlatforms) = preSolution
		Debug|Any CPU = Debug|Any CPU
		Release|Any CPU = Release|Any CPU
	EndGlobalSection
	GlobalSection(ProjectConfigurationPlatforms) = postSolution
		{6734C3EF-FF51-4A20-974C-DEF01A27B92C}.Debug|Any CPU.ActiveCfg = Debug|Any CPU
		{6734C3EF-FF51-4A20-974C-DEF01A27B92C}.Debug|Any CPU.Build.0 = Debug|Any CPU
		{6734C3EF-FF51-4A20-974C-DEF01A27B92C}.Release|Any CPU.ActiveCfg = Release|Any CPU
		{6734C3EF-FF51-4A20-974C-DEF01A27B92C}.Release|Any CPU.Build.0 = Release|Any CPU
	EndGlobalSection
	GlobalSection(SolutionProperties) = preSolution
		HideSolutionNode = FALSE
	EndGlobalSection
	GlobalSection(ExtensibilityGlobals) = postSolution
		SolutionGuid = {35AC0A6E-2D4C-4EC5-8789-903F89A6FF0D}
	EndGlobalSection
EndGlobal
